
Microsoft Visual Studio Solution File, Format Version 12.00
# Visual Studio Version 17
VisualStudioVersion = 17.8.34330.188
MinimumVisualStudioVersion = 10.0.40219.1
Project("{FAE04EC0-301F-11D3-BF4B-00C04F79EFBC}") = "MilkTeaShopManagement", "MilkTeaShopManagement\MilkTeaShopManagement.csproj", "{6ADCF7D8-B096-47E4-A99A-5A3B00E1387C}"
EndProject
Project("{FAE04EC0-301F-11D3-BF4B-00C04F79EFBC}") = "MilkTeaShop.BLL", "MilkTeaShop.BLL\MilkTeaShop.BLL.csproj", "{D98E63DC-554C-446D-A8DE-9C577AFB037E}"
EndProject
Project("{FAE04EC0-301F-11D3-BF4B-00C04F79EFBC}") = "MilkTeaShop.DAL", "MilkTeaShop.DAL\MilkTeaShop.DAL.csproj", "{AA7C907E-F3E6-4C4A-8DBC-A6B0ACAD4495}"
EndProject
Global
	GlobalSection(SolutionConfigurationPlatforms) = preSolution
		Debug|Any CPU = Debug|Any CPU
		Release|Any CPU = Release|Any CPU
	EndGlobalSection
	GlobalSection(ProjectConfigurationPlatforms) = postSolution
		{6ADCF7D8-B096-47E4-A99A-5A3B00E1387C}.Debug|Any CPU.ActiveCfg = Debug|Any CPU
		{6ADCF7D8-B096-47E4-A99A-5A3B00E1387C}.Debug|Any CPU.Build.0 = Debug|Any CPU
		{6ADCF7D8-B096-47E4-A99A-5A3B00E1387C}.Release|Any CPU.ActiveCfg = Release|Any CPU
		{6ADCF7D8-B096-47E4-A99A-5A3B00E1387C}.Release|Any CPU.Build.0 = Release|Any CPU
		{D98E63DC-554C-446D-A8DE-9C577AFB037E}.Debug|Any CPU.ActiveCfg = Debug|Any CPU
		{D98E63DC-554C-446D-A8DE-9C577AFB037E}.Debug|Any CPU.Build.0 = Debug|Any CPU
		{D98E63DC-554C-446D-A8DE-9C577AFB037E}.Release|Any CPU.ActiveCfg = Release|Any CPU
		{D98E63DC-554C-446D-A8DE-9C577AFB037E}.Release|Any CPU.Build.0 = Release|Any CPU
		{AA7C907E-F3E6-4C4A-8DBC-A6B0ACAD4495}.Debug|Any CPU.ActiveCfg = Debug|Any CPU
		{AA7C907E-F3E6-4C4A-8DBC-A6B0ACAD4495}.Debug|Any CPU.Build.0 = Debug|Any CPU
		{AA7C907E-F3E6-4C4A-8DBC-A6B0ACAD4495}.Release|Any CPU.ActiveCfg = Release|Any CPU
		{AA7C907E-F3E6-4C4A-8DBC-A6B0ACAD4495}.Release|Any CPU.Build.0 = Release|Any CPU
	EndGlobalSection
	GlobalSection(SolutionProperties) = preSolution
		HideSolutionNode = FALSE
	EndGlobalSection
	GlobalSection(ExtensibilityGlobals) = postSolution
		SolutionGuid = {203450A5-F494-4BD6-AE0C-43E0BEDEF599}
	EndGlobalSection
EndGlobal
